
Microsoft Visual Studio Solution File, Format Version 12.00
# Visual Studio Version 16
VisualStudioVersion = 16.0.33927.289
MinimumVisualStudioVersion = 10.0.40219.1
Project("{2150E333-8FDC-42A3-9474-1A3956D46DE8}") = "Task0", "Task0", "{58EE3397-3973-433A-929A-AAA462E8ED67}"
EndProject
Project("{FAE04EC0-301F-11D3-BF4B-00C04F79EFBC}") = "Tyuiu.SheludkovAA.Sprint3.Task0.V4.Test", "Tyuiu.SheludkovAA.Sprint3.Task0.V4.Test\Tyuiu.SheludkovAA.Sprint3.Task0.V4.Test.csproj", "{920ED411-08A8-426A-AE26-399C62788D84}"
EndProject
Project("{FAE04EC0-301F-11D3-BF4B-00C04F79EFBC}") = "Tyuiu.SheludkovAA.Sprint3.Task0.V4.Lib", "Tyuiu.SheludkovAA.Sprint3.Task0.V4.Lib\Tyuiu.SheludkovAA.Sprint3.Task0.V4.Lib.csproj", "{8E0CE699-6E20-4787-8651-EEA4007F8E4F}"
EndProject
Project("{FAE04EC0-301F-11D3-BF4B-00C04F79EFBC}") = "Tyuiu.SheludkovAA.Sprint3.Task0.V4", "Tyuiu.SheludkovAA.Sprint3.Task0.V4\Tyuiu.SheludkovAA.Sprint3.Task0.V4.csproj", "{049ABF1B-99E6-4721-8199-FCCF83D90CDB}"
EndProject
Project("{2150E333-8FDC-42A3-9474-1A3956D46DE8}") = "Task1", "Task1", "{BCFD2DC8-E6CC-46BF-BFD9-CD01CA68B1EF}"
EndProject
Project("{FAE04EC0-301F-11D3-BF4B-00C04F79EFBC}") = "Tyuiu.SheludkovAA.Sprint3.Task1.V1.Test", "Tyuiu.SheludkovAA.Sprint3.Task1.V1.Test\Tyuiu.SheludkovAA.Sprint3.Task1.V1.Test.csproj", "{2EBAC734-9E73-4D53-800E-5D8AB486D8FB}"
EndProject
Project("{FAE04EC0-301F-11D3-BF4B-00C04F79EFBC}") = "Tyuiu.SheludkovAA.Sprint3.Task1.V1.Lib", "Tyuiu.SheludkovAA.Sprint3.Task1.V1.Lib\Tyuiu.SheludkovAA.Sprint3.Task1.V1.Lib.csproj", "{1B615E8A-9EF5-440D-97F8-AB41E21FF072}"
EndProject
Project("{FAE04EC0-301F-11D3-BF4B-00C04F79EFBC}") = "Tyuiu.SheludkovAA.Sprint3.Task1.V1", "Tyuiu.SheludkovAA.Sprint3.Task1.V1\Tyuiu.SheludkovAA.Sprint3.Task1.V1.csproj", "{B51E6C62-1FFC-4C71-9474-F78BCB572A7E}"
EndProject
Global
	GlobalSection(SolutionConfigurationPlatforms) = preSolution
		Debug|Any CPU = Debug|Any CPU
		Release|Any CPU = Release|Any CPU
	EndGlobalSection
	GlobalSection(ProjectConfigurationPlatforms) = postSolution
		{920ED411-08A8-426A-AE26-399C62788D84}.Debug|Any CPU.ActiveCfg = Debug|Any CPU
		{920ED411-08A8-426A-AE26-399C62788D84}.Debug|Any CPU.Build.0 = Debug|Any CPU
		{920ED411-08A8-426A-AE26-399C62788D84}.Release|Any CPU.ActiveCfg = Release|Any CPU
		{920ED411-08A8-426A-AE26-399C62788D84}.Release|Any CPU.Build.0 = Release|Any CPU
		{8E0CE699-6E20-4787-8651-EEA4007F8E4F}.Debug|Any CPU.ActiveCfg = Debug|Any CPU
		{8E0CE699-6E20-4787-8651-EEA4007F8E4F}.Debug|Any CPU.Build.0 = Debug|Any CPU
		{8E0CE699-6E20-4787-8651-EEA4007F8E4F}.Release|Any CPU.ActiveCfg = Release|Any CPU
		{8E0CE699-6E20-4787-8651-EEA4007F8E4F}.Release|Any CPU.Build.0 = Release|Any CPU
		{049ABF1B-99E6-4721-8199-FCCF83D90CDB}.Debug|Any CPU.ActiveCfg = Debug|Any CPU
		{049ABF1B-99E6-4721-8199-FCCF83D90CDB}.Debug|Any CPU.Build.0 = Debug|Any CPU
		{049ABF1B-99E6-4721-8199-FCCF83D90CDB}.Release|Any CPU.ActiveCfg = Release|Any CPU
		{049ABF1B-99E6-4721-8199-FCCF83D90CDB}.Release|Any CPU.Build.0 = Release|Any CPU
		{2EBAC734-9E73-4D53-800E-5D8AB486D8FB}.Debug|Any CPU.ActiveCfg = Debug|Any CPU
		{2EBAC734-9E73-4D53-800E-5D8AB486D8FB}.Debug|Any CPU.Build.0 = Debug|Any CPU
		{2EBAC734-9E73-4D53-800E-5D8AB486D8FB}.Release|Any CPU.ActiveCfg = Release|Any CPU
		{2EBAC734-9E73-4D53-800E-5D8AB486D8FB}.Release|Any CPU.Build.0 = Release|Any CPU
		{1B615E8A-9EF5-440D-97F8-AB41E21FF072}.Debug|Any CPU.ActiveCfg = Debug|Any CPU
		{1B615E8A-9EF5-440D-97F8-AB41E21FF072}.Debug|Any CPU.Build.0 = Debug|Any CPU
		{1B615E8A-9EF5-440D-97F8-AB41E21FF072}.Release|Any CPU.ActiveCfg = Release|Any CPU
		{1B615E8A-9EF5-440D-97F8-AB41E21FF072}.Release|Any CPU.Build.0 = Release|Any CPU
		{B51E6C62-1FFC-4C71-9474-F78BCB572A7E}.Debug|Any CPU.ActiveCfg = Debug|Any CPU
		{B51E6C62-1FFC-4C71-9474-F78BCB572A7E}.Debug|Any CPU.Build.0 = Debug|Any CPU
		{B51E6C62-1FFC-4C71-9474-F78BCB572A7E}.Release|Any CPU.ActiveCfg = Release|Any CPU
		{B51E6C62-1FFC-4C71-9474-F78BCB572A7E}.Release|Any CPU.Build.0 = Release|Any CPU
	EndGlobalSection
	GlobalSection(SolutionProperties) = preSolution
		HideSolutionNode = FALSE
	EndGlobalSection
	GlobalSection(NestedProjects) = preSolution
		{920ED411-08A8-426A-AE26-399C62788D84} = {58EE3397-3973-433A-929A-AAA462E8ED67}
		{8E0CE699-6E20-4787-8651-EEA4007F8E4F} = {58EE3397-3973-433A-929A-AAA462E8ED67}
		{049ABF1B-99E6-4721-8199-FCCF83D90CDB} = {58EE3397-3973-433A-929A-AAA462E8ED67}
		{2EBAC734-9E73-4D53-800E-5D8AB486D8FB} = {BCFD2DC8-E6CC-46BF-BFD9-CD01CA68B1EF}
		{1B615E8A-9EF5-440D-97F8-AB41E21FF072} = {BCFD2DC8-E6CC-46BF-BFD9-CD01CA68B1EF}
		{B51E6C62-1FFC-4C71-9474-F78BCB572A7E} = {BCFD2DC8-E6CC-46BF-BFD9-CD01CA68B1EF}
	EndGlobalSection
	GlobalSection(ExtensibilityGlobals) = postSolution
		SolutionGuid = {FD26D098-C341-48D2-9BC7-9E80703466C7}
	EndGlobalSection
EndGlobal
